
Microsoft Visual Studio Solution File, Format Version 12.00
# Visual Studio Version 17
VisualStudioVersion = 17.4.33213.308
MinimumVisualStudioVersion = 10.0.40219.1
Project("{FAE04EC0-301F-11D3-BF4B-00C04F79EFBC}") = "TS_SEMANA_13", "TS_SEMANA_13.csproj", "{9631122B-33DE-423E-AFF8-C294407BD205}"
EndProject
Global
	GlobalSection(SolutionConfigurationPlatforms) = preSolution
		Debug|Any CPU = Debug|Any CPU
		Release|Any CPU = Release|Any CPU
	EndGlobalSection
	GlobalSection(ProjectConfigurationPlatforms) = postSolution
		{9631122B-33DE-423E-AFF8-C294407BD205}.Debug|Any CPU.ActiveCfg = Debug|Any CPU
		{9631122B-33DE-423E-AFF8-C294407BD205}.Debug|Any CPU.Build.0 = Debug|Any CPU
		{9631122B-33DE-423E-AFF8-C294407BD205}.Release|Any CPU.ActiveCfg = Release|Any CPU
		{9631122B-33DE-423E-AFF8-C294407BD205}.Release|Any CPU.Build.0 = Release|Any CPU
	EndGlobalSection
	GlobalSection(SolutionProperties) = preSolution
		HideSolutionNode = FALSE
	EndGlobalSection
	GlobalSection(ExtensibilityGlobals) = postSolution
		SolutionGuid = {7A9ADC8A-C45E-46FE-B003-4F81CFCA69CA}
	EndGlobalSection
EndGlobal
