
Microsoft Visual Studio Solution File, Format Version 12.00
# Visual Studio Version 17
VisualStudioVersion = 17.4.33213.308
MinimumVisualStudioVersion = 10.0.40219.1
Project("{FAE04EC0-301F-11D3-BF4B-00C04F79EFBC}") = "TS_SEMANA13_EJ2", "TS_SEMANA13_EJ2.csproj", "{C3E40D25-F697-4934-968C-1A8C3B786686}"
EndProject
Global
	GlobalSection(SolutionConfigurationPlatforms) = preSolution
		Debug|Any CPU = Debug|Any CPU
		Release|Any CPU = Release|Any CPU
	EndGlobalSection
	GlobalSection(ProjectConfigurationPlatforms) = postSolution
		{C3E40D25-F697-4934-968C-1A8C3B786686}.Debug|Any CPU.ActiveCfg = Debug|Any CPU
		{C3E40D25-F697-4934-968C-1A8C3B786686}.Debug|Any CPU.Build.0 = Debug|Any CPU
		{C3E40D25-F697-4934-968C-1A8C3B786686}.Release|Any CPU.ActiveCfg = Release|Any CPU
		{C3E40D25-F697-4934-968C-1A8C3B786686}.Release|Any CPU.Build.0 = Release|Any CPU
	EndGlobalSection
	GlobalSection(SolutionProperties) = preSolution
		HideSolutionNode = FALSE
	EndGlobalSection
	GlobalSection(ExtensibilityGlobals) = postSolution
		SolutionGuid = {48067FBF-1A7B-4B3A-A0A4-D92B48B359FE}
	EndGlobalSection
EndGlobal
